
Microsoft Visual Studio Solution File, Format Version 12.00
# Visual Studio Version 16
VisualStudioVersion = 16.0.32106.194
MinimumVisualStudioVersion = 10.0.40219.1
Project("{FAE04EC0-301F-11D3-BF4B-00C04F79EFBC}") = "ProyectosPP", "ProyectosPP.csproj", "{3991457E-7B3D-4F07-B9EF-F940270EB9F4}"
EndProject
Global
	GlobalSection(SolutionConfigurationPlatforms) = preSolution
		Debug|Any CPU = Debug|Any CPU
		Release|Any CPU = Release|Any CPU
	EndGlobalSection
	GlobalSection(ProjectConfigurationPlatforms) = postSolution
		{3991457E-7B3D-4F07-B9EF-F940270EB9F4}.Debug|Any CPU.ActiveCfg = Debug|Any CPU
		{3991457E-7B3D-4F07-B9EF-F940270EB9F4}.Debug|Any CPU.Build.0 = Debug|Any CPU
		{3991457E-7B3D-4F07-B9EF-F940270EB9F4}.Release|Any CPU.ActiveCfg = Release|Any CPU
		{3991457E-7B3D-4F07-B9EF-F940270EB9F4}.Release|Any CPU.Build.0 = Release|Any CPU
	EndGlobalSection
	GlobalSection(SolutionProperties) = preSolution
		HideSolutionNode = FALSE
	EndGlobalSection
	GlobalSection(ExtensibilityGlobals) = postSolution
		SolutionGuid = {1EA6F3B7-5E72-41AB-B3EE-1CCDDCA27231}
	EndGlobalSection
EndGlobal
